
Microsoft Visual Studio Solution File, Format Version 12.00
# Visual Studio Version 16
VisualStudioVersion = 16.0.29102.190
MinimumVisualStudioVersion = 10.0.40219.1
Project("{9A19103F-16F7-4668-BE54-9A1E7A4F7556}") = "WebStoreAPI", "WebStoreAPI\WebStoreAPI.csproj", "{5EC97AF5-C060-49FC-BCB2-142466F929CD}"
EndProject
Project("{9A19103F-16F7-4668-BE54-9A1E7A4F7556}") = "WebStoreAPI.Domain", "WebStoreAPI.Domain\WebStoreAPI.Domain.csproj", "{1ECF05F1-65C0-48C0-9DE6-63C028905A6A}"
EndProject
Project("{9A19103F-16F7-4668-BE54-9A1E7A4F7556}") = "WebStoreAPI.Services", "WebStoreAPI.Services\WebStoreAPI.Services.csproj", "{C615423C-4705-4BE3-A9F7-A00F32605069}"
EndProject
Project("{9A19103F-16F7-4668-BE54-9A1E7A4F7556}") = "WebStoreAPI.Repository", "WebStoreAPI.Repository\WebStoreAPI.Repository.csproj", "{D392B643-BD2F-4895-A510-C323862FD299}"
EndProject
Project("{FAE04EC0-301F-11D3-BF4B-00C04F79EFBC}") = "WebStoreAPI.Business", "WebStoreAPI.Business\WebStoreAPI.Business.csproj", "{D00FCE5C-5653-42B8-8FAD-B107F8CCEA67}"
EndProject
Global
	GlobalSection(SolutionConfigurationPlatforms) = preSolution
		Debug|Any CPU = Debug|Any CPU
		Release|Any CPU = Release|Any CPU
	EndGlobalSection
	GlobalSection(ProjectConfigurationPlatforms) = postSolution
		{5EC97AF5-C060-49FC-BCB2-142466F929CD}.Debug|Any CPU.ActiveCfg = Debug|Any CPU
		{5EC97AF5-C060-49FC-BCB2-142466F929CD}.Debug|Any CPU.Build.0 = Debug|Any CPU
		{5EC97AF5-C060-49FC-BCB2-142466F929CD}.Release|Any CPU.ActiveCfg = Release|Any CPU
		{5EC97AF5-C060-49FC-BCB2-142466F929CD}.Release|Any CPU.Build.0 = Release|Any CPU
		{1ECF05F1-65C0-48C0-9DE6-63C028905A6A}.Debug|Any CPU.ActiveCfg = Debug|Any CPU
		{1ECF05F1-65C0-48C0-9DE6-63C028905A6A}.Debug|Any CPU.Build.0 = Debug|Any CPU
		{1ECF05F1-65C0-48C0-9DE6-63C028905A6A}.Release|Any CPU.ActiveCfg = Release|Any CPU
		{1ECF05F1-65C0-48C0-9DE6-63C028905A6A}.Release|Any CPU.Build.0 = Release|Any CPU
		{C615423C-4705-4BE3-A9F7-A00F32605069}.Debug|Any CPU.ActiveCfg = Debug|Any CPU
		{C615423C-4705-4BE3-A9F7-A00F32605069}.Debug|Any CPU.Build.0 = Debug|Any CPU
		{C615423C-4705-4BE3-A9F7-A00F32605069}.Release|Any CPU.ActiveCfg = Release|Any CPU
		{C615423C-4705-4BE3-A9F7-A00F32605069}.Release|Any CPU.Build.0 = Release|Any CPU
		{D392B643-BD2F-4895-A510-C323862FD299}.Debug|Any CPU.ActiveCfg = Debug|Any CPU
		{D392B643-BD2F-4895-A510-C323862FD299}.Debug|Any CPU.Build.0 = Debug|Any CPU
		{D392B643-BD2F-4895-A510-C323862FD299}.Release|Any CPU.ActiveCfg = Release|Any CPU
		{D392B643-BD2F-4895-A510-C323862FD299}.Release|Any CPU.Build.0 = Release|Any CPU
		{D00FCE5C-5653-42B8-8FAD-B107F8CCEA67}.Debug|Any CPU.ActiveCfg = Debug|Any CPU
		{D00FCE5C-5653-42B8-8FAD-B107F8CCEA67}.Debug|Any CPU.Build.0 = Debug|Any CPU
		{D00FCE5C-5653-42B8-8FAD-B107F8CCEA67}.Release|Any CPU.ActiveCfg = Release|Any CPU
		{D00FCE5C-5653-42B8-8FAD-B107F8CCEA67}.Release|Any CPU.Build.0 = Release|Any CPU
	EndGlobalSection
	GlobalSection(SolutionProperties) = preSolution
		HideSolutionNode = FALSE
	EndGlobalSection
	GlobalSection(ExtensibilityGlobals) = postSolution
		SolutionGuid = {15C6A52E-7450-4DBB-B176-FDEBAB2011D9}
	EndGlobalSection
EndGlobal
